// !$*UTF8*$!
{
	archiveVersion = 1;
	classes = {
	};
	objectVersion = 46;
	objects = {

/* Begin PBXBuildFile section */
		09101FFB1756415E004823B0 /* UIAlertView+BlocksExtension.m in Sources */ = {isa = PBXBuildFile; fileRef = 09C1AE6917521D90005791CC /* UIAlertView+BlocksExtension.m */; };
		09C1AE6E17523310005791CC /* NSObject+JSON.m in Sources */ = {isa = PBXBuildFile; fileRef = 09C1AE6D17522F85005791CC /* NSObject+JSON.m */; };
		09C1AE6F17523313005791CC /* NSData+JSON.m in Sources */ = {isa = PBXBuildFile; fileRef = 09C1AE6B17522F85005791CC /* NSData+JSON.m */; };
		147D0BC115B7B74C00453045 /* UIKit.framework in Frameworks */ = {isa = PBXBuildFile; fileRef = 147D0BC015B7B74C00453045 /* UIKit.framework */; };
		147D0BC315B7B74C00453045 /* Foundation.framework in Frameworks */ = {isa = PBXBuildFile; fileRef = 147D0BC215B7B74C00453045 /* Foundation.framework */; };
		147D0BC515B7B74C00453045 /* CoreGraphics.framework in Frameworks */ = {isa = PBXBuildFile; fileRef = 147D0BC415B7B74C00453045 /* CoreGraphics.framework */; };
		147D0BCB15B7B74C00453045 /* InfoPlist.strings in Resources */ = {isa = PBXBuildFile; fileRef = 147D0BC915B7B74C00453045 /* InfoPlist.strings */; };
		147D0BCD15B7B74C00453045 /* main.m in Sources */ = {isa = PBXBuildFile; fileRef = 147D0BCC15B7B74C00453045 /* main.m */; };
		147D0BD115B7B74C00453045 /* TriainaSampleAppDelegate.m in Sources */ = {isa = PBXBuildFile; fileRef = 147D0BD015B7B74C00453045 /* TriainaSampleAppDelegate.m */; };
		147D0BD415B7B74C00453045 /* TriainaSampleViewController.m in Sources */ = {isa = PBXBuildFile; fileRef = 147D0BD315B7B74C00453045 /* TriainaSampleViewController.m */; };
		147D0BD715B7B74C00453045 /* TriainaSampleViewController.xib in Resources */ = {isa = PBXBuildFile; fileRef = 147D0BD515B7B74C00453045 /* TriainaSampleViewController.xib */; };
		147D0BED15B7B79900453045 /* TriainaConfig.m in Sources */ = {isa = PBXBuildFile; fileRef = 147D0BE815B7B79900453045 /* TriainaConfig.m */; };
		147D0BEE15B7B79900453045 /* TriainaWebView.m in Sources */ = {isa = PBXBuildFile; fileRef = 147D0BEA15B7B79900453045 /* TriainaWebView.m */; };
		147D0BEF15B7B79900453045 /* TriainaWebViewAdapter.m in Sources */ = {isa = PBXBuildFile; fileRef = 147D0BEC15B7B79900453045 /* TriainaWebViewAdapter.m */; };
		147F4CE11682FA1600C4D621 /* TriainaWebBridgeModel.m in Sources */ = {isa = PBXBuildFile; fileRef = 147F4CDE1682FA1600C4D621 /* TriainaWebBridgeModel.m */; };
		147F4CE21682FA1600C4D621 /* TriainaWebBridgeModel+StandardAPI.m in Sources */ = {isa = PBXBuildFile; fileRef = 147F4CE01682FA1600C4D621 /* TriainaWebBridgeModel+StandardAPI.m */; };
		147F4CE61682FCAD00C4D621 /* NSString+Util.m in Sources */ = {isa = PBXBuildFile; fileRef = 147F4CE51682FCAD00C4D621 /* NSString+Util.m */; };
/* End PBXBuildFile section */

/* Begin PBXFileReference section */
		09C1AE6817521D90005791CC /* UIAlertView+BlocksExtension.h */ = {isa = PBXFileReference; lastKnownFileType = sourcecode.c.h; name = "UIAlertView+BlocksExtension.h"; path = "../Dependencies/UIAlertView+BlocksExtension.h"; sourceTree = "<group>"; };
		09C1AE6917521D90005791CC /* UIAlertView+BlocksExtension.m */ = {isa = PBXFileReference; lastKnownFileType = sourcecode.c.objc; name = "UIAlertView+BlocksExtension.m"; path = "../Dependencies/UIAlertView+BlocksExtension.m"; sourceTree = "<group>"; };
		09C1AE6A17522F85005791CC /* NSData+JSON.h */ = {isa = PBXFileReference; lastKnownFileType = sourcecode.c.h; name = "NSData+JSON.h"; path = "../Dependencies/NSData+JSON.h"; sourceTree = "<group>"; };
		09C1AE6B17522F85005791CC /* NSData+JSON.m */ = {isa = PBXFileReference; lastKnownFileType = sourcecode.c.objc; name = "NSData+JSON.m"; path = "../Dependencies/NSData+JSON.m"; sourceTree = "<group>"; };
		09C1AE6C17522F85005791CC /* NSObject+JSON.h */ = {isa = PBXFileReference; lastKnownFileType = sourcecode.c.h; name = "NSObject+JSON.h"; path = "../Dependencies/NSObject+JSON.h"; sourceTree = "<group>"; };
		09C1AE6D17522F85005791CC /* NSObject+JSON.m */ = {isa = PBXFileReference; lastKnownFileType = sourcecode.c.objc; name = "NSObject+JSON.m"; path = "../Dependencies/NSObject+JSON.m"; sourceTree = "<group>"; };
		147D0BBC15B7B74C00453045 /* TriainaSample.app */ = {isa = PBXFileReference; explicitFileType = wrapper.application; includeInIndex = 0; path = TriainaSample.app; sourceTree = BUILT_PRODUCTS_DIR; };
		147D0BC015B7B74C00453045 /* UIKit.framework */ = {isa = PBXFileReference; lastKnownFileType = wrapper.framework; name = UIKit.framework; path = System/Library/Frameworks/UIKit.framework; sourceTree = SDKROOT; };
		147D0BC215B7B74C00453045 /* Foundation.framework */ = {isa = PBXFileReference; lastKnownFileType = wrapper.framework; name = Foundation.framework; path = System/Library/Frameworks/Foundation.framework; sourceTree = SDKROOT; };
		147D0BC415B7B74C00453045 /* CoreGraphics.framework */ = {isa = PBXFileReference; lastKnownFileType = wrapper.framework; name = CoreGraphics.framework; path = System/Library/Frameworks/CoreGraphics.framework; sourceTree = SDKROOT; };
		147D0BC815B7B74C00453045 /* TriainaSample-Info.plist */ = {isa = PBXFileReference; lastKnownFileType = text.plist.xml; path = "TriainaSample-Info.plist"; sourceTree = "<group>"; };
		147D0BCA15B7B74C00453045 /* en */ = {isa = PBXFileReference; lastKnownFileType = text.plist.strings; name = en; path = en.lproj/InfoPlist.strings; sourceTree = "<group>"; };
		147D0BCC15B7B74C00453045 /* main.m */ = {isa = PBXFileReference; lastKnownFileType = sourcecode.c.objc; path = main.m; sourceTree = "<group>"; };
		147D0BCE15B7B74C00453045 /* TriainaSample-Prefix.pch */ = {isa = PBXFileReference; lastKnownFileType = sourcecode.c.h; path = "TriainaSample-Prefix.pch"; sourceTree = "<group>"; };
		147D0BCF15B7B74C00453045 /* TriainaSampleAppDelegate.h */ = {isa = PBXFileReference; lastKnownFileType = sourcecode.c.h; path = TriainaSampleAppDelegate.h; sourceTree = "<group>"; };
		147D0BD015B7B74C00453045 /* TriainaSampleAppDelegate.m */ = {isa = PBXFileReference; lastKnownFileType = sourcecode.c.objc; path = TriainaSampleAppDelegate.m; sourceTree = "<group>"; };
		147D0BD215B7B74C00453045 /* TriainaSampleViewController.h */ = {isa = PBXFileReference; lastKnownFileType = sourcecode.c.h; path = TriainaSampleViewController.h; sourceTree = "<group>"; };
		147D0BD315B7B74C00453045 /* TriainaSampleViewController.m */ = {isa = PBXFileReference; lastKnownFileType = sourcecode.c.objc; path = TriainaSampleViewController.m; sourceTree = "<group>"; };
		147D0BD615B7B74C00453045 /* en */ = {isa = PBXFileReference; lastKnownFileType = file.xib; name = en; path = en.lproj/TriainaSampleViewController.xib; sourceTree = "<group>"; };
		147D0BE715B7B79900453045 /* TriainaConfig.h */ = {isa = PBXFileReference; fileEncoding = 4; lastKnownFileType = sourcecode.c.h; path = TriainaConfig.h; sourceTree = "<group>"; };
		147D0BE815B7B79900453045 /* TriainaConfig.m */ = {isa = PBXFileReference; fileEncoding = 4; lastKnownFileType = sourcecode.c.objc; path = TriainaConfig.m; sourceTree = "<group>"; };
		147D0BE915B7B79900453045 /* TriainaWebView.h */ = {isa = PBXFileReference; fileEncoding = 4; lastKnownFileType = sourcecode.c.h; path = TriainaWebView.h; sourceTree = "<group>"; };
		147D0BEA15B7B79900453045 /* TriainaWebView.m */ = {isa = PBXFileReference; fileEncoding = 4; lastKnownFileType = sourcecode.c.objc; path = TriainaWebView.m; sourceTree = "<group>"; };
		147D0BEB15B7B79900453045 /* TriainaWebViewAdapter.h */ = {isa = PBXFileReference; fileEncoding = 4; lastKnownFileType = sourcecode.c.h; path = TriainaWebViewAdapter.h; sourceTree = "<group>"; };
		147D0BEC15B7B79900453045 /* TriainaWebViewAdapter.m */ = {isa = PBXFileReference; fileEncoding = 4; lastKnownFileType = sourcecode.c.objc; path = TriainaWebViewAdapter.m; sourceTree = "<group>"; };
		147F4CDD1682FA1600C4D621 /* TriainaWebBridgeModel.h */ = {isa = PBXFileReference; fileEncoding = 4; lastKnownFileType = sourcecode.c.h; path = TriainaWebBridgeModel.h; sourceTree = "<group>"; };
		147F4CDE1682FA1600C4D621 /* TriainaWebBridgeModel.m */ = {isa = PBXFileReference; fileEncoding = 4; lastKnownFileType = sourcecode.c.objc; path = TriainaWebBridgeModel.m; sourceTree = "<group>"; };
		147F4CDF1682FA1600C4D621 /* TriainaWebBridgeModel+StandardAPI.h */ = {isa = PBXFileReference; fileEncoding = 4; lastKnownFileType = sourcecode.c.h; path = "TriainaWebBridgeModel+StandardAPI.h"; sourceTree = "<group>"; };
		147F4CE01682FA1600C4D621 /* TriainaWebBridgeModel+StandardAPI.m */ = {isa = PBXFileReference; fileEncoding = 4; lastKnownFileType = sourcecode.c.objc; path = "TriainaWebBridgeModel+StandardAPI.m"; sourceTree = "<group>"; };
		147F4CE41682FCAD00C4D621 /* NSString+Util.h */ = {isa = PBXFileReference; fileEncoding = 4; lastKnownFileType = sourcecode.c.h; name = "NSString+Util.h"; path = "../Dependencies/NSString+Util.h"; sourceTree = "<group>"; };
		147F4CE51682FCAD00C4D621 /* NSString+Util.m */ = {isa = PBXFileReference; fileEncoding = 4; lastKnownFileType = sourcecode.c.objc; name = "NSString+Util.m"; path = "../Dependencies/NSString+Util.m"; sourceTree = "<group>"; };
/* End PBXFileReference section */

/* Begin PBXFrameworksBuildPhase section */
		147D0BB915B7B74C00453045 /* Frameworks */ = {
			isa = PBXFrameworksBuildPhase;
			buildActionMask = 2147483647;
			files = (
				147D0BC115B7B74C00453045 /* UIKit.framework in Frameworks */,
				147D0BC315B7B74C00453045 /* Foundation.framework in Frameworks */,
				147D0BC515B7B74C00453045 /* CoreGraphics.framework in Frameworks */,
			);
			runOnlyForDeploymentPostprocessing = 0;
		};
/* End PBXFrameworksBuildPhase section */

/* Begin PBXGroup section */
		147D0BB115B7B74C00453045 = {
			isa = PBXGroup;
			children = (
				147D0BC615B7B74C00453045 /* TriainaSample */,
				147D0BE415B7B76500453045 /* Libraries */,
				147D0BBF15B7B74C00453045 /* Frameworks */,
				147D0BBD15B7B74C00453045 /* Products */,
			);
			sourceTree = "<group>";
		};
		147D0BBD15B7B74C00453045 /* Products */ = {
			isa = PBXGroup;
			children = (
				147D0BBC15B7B74C00453045 /* TriainaSample.app */,
			);
			name = Products;
			sourceTree = "<group>";
		};
		147D0BBF15B7B74C00453045 /* Frameworks */ = {
			isa = PBXGroup;
			children = (
				147D0BC015B7B74C00453045 /* UIKit.framework */,
				147D0BC215B7B74C00453045 /* Foundation.framework */,
				147D0BC415B7B74C00453045 /* CoreGraphics.framework */,
			);
			name = Frameworks;
			sourceTree = "<group>";
		};
		147D0BC615B7B74C00453045 /* TriainaSample */ = {
			isa = PBXGroup;
			children = (
				147D0BCF15B7B74C00453045 /* TriainaSampleAppDelegate.h */,
				147D0BD015B7B74C00453045 /* TriainaSampleAppDelegate.m */,
				147D0BD215B7B74C00453045 /* TriainaSampleViewController.h */,
				147D0BD315B7B74C00453045 /* TriainaSampleViewController.m */,
				147D0BD515B7B74C00453045 /* TriainaSampleViewController.xib */,
				147D0BC715B7B74C00453045 /* Supporting Files */,
			);
			path = TriainaSample;
			sourceTree = "<group>";
		};
		147D0BC715B7B74C00453045 /* Supporting Files */ = {
			isa = PBXGroup;
			children = (
				147D0BC815B7B74C00453045 /* TriainaSample-Info.plist */,
				147D0BC915B7B74C00453045 /* InfoPlist.strings */,
				147D0BCC15B7B74C00453045 /* main.m */,
				147D0BCE15B7B74C00453045 /* TriainaSample-Prefix.pch */,
			);
			name = "Supporting Files";
			sourceTree = "<group>";
		};
		147D0BE415B7B76500453045 /* Libraries */ = {
			isa = PBXGroup;
			children = (
				09C1AE6A17522F85005791CC /* NSData+JSON.h */,
				09C1AE6B17522F85005791CC /* NSData+JSON.m */,
				09C1AE6C17522F85005791CC /* NSObject+JSON.h */,
				09C1AE6D17522F85005791CC /* NSObject+JSON.m */,
				09C1AE6817521D90005791CC /* UIAlertView+BlocksExtension.h */,
				09C1AE6917521D90005791CC /* UIAlertView+BlocksExtension.m */,
				147F4CE41682FCAD00C4D621 /* NSString+Util.h */,
				147F4CE51682FCAD00C4D621 /* NSString+Util.m */,
				147D0BE615B7B79900453045 /* Triaina */,
			);
			name = Libraries;
			sourceTree = "<group>";
		};
		147D0BE615B7B79900453045 /* Triaina */ = {
			isa = PBXGroup;
			children = (
				147D0BE715B7B79900453045 /* TriainaConfig.h */,
				147D0BE815B7B79900453045 /* TriainaConfig.m */,
				147D0BE915B7B79900453045 /* TriainaWebView.h */,
				147D0BEA15B7B79900453045 /* TriainaWebView.m */,
				147D0BEB15B7B79900453045 /* TriainaWebViewAdapter.h */,
				147D0BEC15B7B79900453045 /* TriainaWebViewAdapter.m */,
				147F4CDD1682FA1600C4D621 /* TriainaWebBridgeModel.h */,
				147F4CDE1682FA1600C4D621 /* TriainaWebBridgeModel.m */,
				147F4CDF1682FA1600C4D621 /* TriainaWebBridgeModel+StandardAPI.h */,
				147F4CE01682FA1600C4D621 /* TriainaWebBridgeModel+StandardAPI.m */,
			);
			name = Triaina;
			path = ../Triaina;
			sourceTree = "<group>";
		};
/* End PBXGroup section */

/* Begin PBXNativeTarget section */
		147D0BBB15B7B74C00453045 /* TriainaSample */ = {
			isa = PBXNativeTarget;
			buildConfigurationList = 147D0BDD15B7B74C00453045 /* Build configuration list for PBXNativeTarget "TriainaSample" */;
			buildPhases = (
				147D0BB815B7B74C00453045 /* Sources */,
				147D0BB915B7B74C00453045 /* Frameworks */,
				147D0BBA15B7B74C00453045 /* Resources */,
			);
			buildRules = (
			);
			dependencies = (
			);
			name = TriainaSample;
			productName = TriainaSample;
			productReference = 147D0BBC15B7B74C00453045 /* TriainaSample.app */;
			productType = "com.apple.product-type.application";
		};
/* End PBXNativeTarget section */

/* Begin PBXProject section */
		147D0BB315B7B74C00453045 /* Project object */ = {
			isa = PBXProject;
			attributes = {
				CLASSPREFIX = TriainaSample;
				LastUpgradeCheck = 0430;
			};
			buildConfigurationList = 147D0BB615B7B74C00453045 /* Build configuration list for PBXProject "TriainaSample" */;
			compatibilityVersion = "Xcode 3.2";
			developmentRegion = English;
			hasScannedForEncodings = 0;
			knownRegions = (
				en,
			);
			mainGroup = 147D0BB115B7B74C00453045;
			productRefGroup = 147D0BBD15B7B74C00453045 /* Products */;
			projectDirPath = "";
			projectRoot = "";
			targets = (
				147D0BBB15B7B74C00453045 /* TriainaSample */,
			);
		};
/* End PBXProject section */

/* Begin PBXResourcesBuildPhase section */
		147D0BBA15B7B74C00453045 /* Resources */ = {
			isa = PBXResourcesBuildPhase;
			buildActionMask = 2147483647;
			files = (
				147D0BCB15B7B74C00453045 /* InfoPlist.strings in Resources */,
				147D0BD715B7B74C00453045 /* TriainaSampleViewController.xib in Resources */,
			);
			runOnlyForDeploymentPostprocessing = 0;
		};
/* End PBXResourcesBuildPhase section */

/* Begin PBXSourcesBuildPhase section */
		147D0BB815B7B74C00453045 /* Sources */ = {
			isa = PBXSourcesBuildPhase;
			buildActionMask = 2147483647;
			files = (
				09101FFB1756415E004823B0 /* UIAlertView+BlocksExtension.m in Sources */,
				147D0BCD15B7B74C00453045 /* main.m in Sources */,
				147D0BD115B7B74C00453045 /* TriainaSampleAppDelegate.m in Sources */,
				147D0BD415B7B74C00453045 /* TriainaSampleViewController.m in Sources */,
				147D0BED15B7B79900453045 /* TriainaConfig.m in Sources */,
				147D0BEE15B7B79900453045 /* TriainaWebView.m in Sources */,
				147D0BEF15B7B79900453045 /* TriainaWebViewAdapter.m in Sources */,
				147F4CE11682FA1600C4D621 /* TriainaWebBridgeModel.m in Sources */,
				147F4CE21682FA1600C4D621 /* TriainaWebBridgeModel+StandardAPI.m in Sources */,
				147F4CE61682FCAD00C4D621 /* NSString+Util.m in Sources */,
				09C1AE6E17523310005791CC /* NSObject+JSON.m in Sources */,
				09C1AE6F17523313005791CC /* NSData+JSON.m in Sources */,
			);
			runOnlyForDeploymentPostprocessing = 0;
		};
/* End PBXSourcesBuildPhase section */

/* Begin PBXVariantGroup section */
		147D0BC915B7B74C00453045 /* InfoPlist.strings */ = {
			isa = PBXVariantGroup;
			children = (
				147D0BCA15B7B74C00453045 /* en */,
			);
			name = InfoPlist.strings;
			sourceTree = "<group>";
		};
		147D0BD515B7B74C00453045 /* TriainaSampleViewController.xib */ = {
			isa = PBXVariantGroup;
			children = (
				147D0BD615B7B74C00453045 /* en */,
			);
			name = TriainaSampleViewController.xib;
			sourceTree = "<group>";
		};
/* End PBXVariantGroup section */

/* Begin XCBuildConfiguration section */
		147D0BDB15B7B74C00453045 /* Debug */ = {
			isa = XCBuildConfiguration;
			buildSettings = {
				ALWAYS_SEARCH_USER_PATHS = NO;
				ARCHS = "$(ARCHS_STANDARD_32_BIT)";
				"CODE_SIGN_IDENTITY[sdk=iphoneos*]" = "iPhone Developer";
				COPY_PHASE_STRIP = NO;
				GCC_C_LANGUAGE_STANDARD = gnu99;
				GCC_DYNAMIC_NO_PIC = NO;
				GCC_OPTIMIZATION_LEVEL = 0;
				GCC_PREPROCESSOR_DEFINITIONS = (
					"DEBUG=1",
					"$(inherited)",
				);
				GCC_SYMBOLS_PRIVATE_EXTERN = NO;
				GCC_VERSION = com.apple.compilers.llvm.clang.1_0;
				GCC_WARN_ABOUT_RETURN_TYPE = YES;
				GCC_WARN_UNINITIALIZED_AUTOS = YES;
				GCC_WARN_UNUSED_VARIABLE = YES;
				IPHONEOS_DEPLOYMENT_TARGET = 5.1;
				SDKROOT = iphoneos;
				TARGETED_DEVICE_FAMILY = "1,2";
			};
			name = Debug;
		};
		147D0BDC15B7B74C00453045 /* Release */ = {
			isa = XCBuildConfiguration;
			buildSettings = {
				ALWAYS_SEARCH_USER_PATHS = NO;
				ARCHS = "$(ARCHS_STANDARD_32_BIT)";
				"CODE_SIGN_IDENTITY[sdk=iphoneos*]" = "iPhone Developer";
				COPY_PHASE_STRIP = YES;
				GCC_C_LANGUAGE_STANDARD = gnu99;
				GCC_VERSION = com.apple.compilers.llvm.clang.1_0;
				GCC_WARN_ABOUT_RETURN_TYPE = YES;
				GCC_WARN_UNINITIALIZED_AUTOS = YES;
				GCC_WARN_UNUSED_VARIABLE = YES;
				IPHONEOS_DEPLOYMENT_TARGET = 5.1;
				OTHER_CFLAGS = "-DNS_BLOCK_ASSERTIONS=1";
				SDKROOT = iphoneos;
				TARGETED_DEVICE_FAMILY = "1,2";
				VALIDATE_PRODUCT = YES;
			};
			name = Release;
		};
		147D0BDE15B7B74C00453045 /* Debug */ = {
			isa = XCBuildConfiguration;
			buildSettings = {
				GCC_PRECOMPILE_PREFIX_HEADER = YES;
				GCC_PREFIX_HEADER = "TriainaSample/TriainaSample-Prefix.pch";
				INFOPLIST_FILE = "TriainaSample/TriainaSample-Info.plist";
				PRODUCT_NAME = "$(TARGET_NAME)";
				TARGETED_DEVICE_FAMILY = 1;
				WRAPPER_EXTENSION = app;
			};
			name = Debug;
		};
		147D0BDF15B7B74C00453045 /* Release */ = {
			isa = XCBuildConfiguration;
			buildSettings = {
				GCC_PRECOMPILE_PREFIX_HEADER = YES;
				GCC_PREFIX_HEADER = "TriainaSample/TriainaSample-Prefix.pch";
				INFOPLIST_FILE = "TriainaSample/TriainaSample-Info.plist";
				PRODUCT_NAME = "$(TARGET_NAME)";
				TARGETED_DEVICE_FAMILY = 1;
				WRAPPER_EXTENSION = app;
			};
			name = Release;
		};
/* End XCBuildConfiguration section */

/* Begin XCConfigurationList section */
		147D0BB615B7B74C00453045 /* Build configuration list for PBXProject "TriainaSample" */ = {
			isa = XCConfigurationList;
			buildConfigurations = (
				147D0BDB15B7B74C00453045 /* Debug */,
				147D0BDC15B7B74C00453045 /* Release */,
			);
			defaultConfigurationIsVisible = 0;
			defaultConfigurationName = Release;
		};
		147D0BDD15B7B74C00453045 /* Build configuration list for PBXNativeTarget "TriainaSample" */ = {
			isa = XCConfigurationList;
			buildConfigurations = (
				147D0BDE15B7B74C00453045 /* Debug */,
				147D0BDF15B7B74C00453045 /* Release */,
			);
			defaultConfigurationIsVisible = 0;
			defaultConfigurationName = Release;
		};
/* End XCConfigurationList section */
	};
	rootObject = 147D0BB315B7B74C00453045 /* Project object */;
}
